// !$*UTF8*$!
{
	archiveVersion = 1;
	classes = {
	};
	objectVersion = 51;
	objects = {

/* Begin PBXBuildFile section */
		2BC704326A2350949F29F738 /* Pods_CountersTests.framework in Frameworks */ = {isa = PBXBuildFile; fileRef = 9446CFFFC1A339883E5E624B /* Pods_CountersTests.framework */; };
		68C439E64504D89350CF7430 /* Pods_Counters.framework in Frameworks */ = {isa = PBXBuildFile; fileRef = 39298971A8197B161FE53965 /* Pods_Counters.framework */; };
		7A04076ECD8B9F6E3BA5D0C4 /* Pods_Counters_CountersUITests.framework in Frameworks */ = {isa = PBXBuildFile; fileRef = 830A2EB62D7CB6974D86790A /* Pods_Counters_CountersUITests.framework */; };
		E916663F259BC00A0003102F /* CounterTableViewCell.swift in Sources */ = {isa = PBXBuildFile; fileRef = E916663D259BC00A0003102F /* CounterTableViewCell.swift */; };
		E9166640259BC00A0003102F /* CounterTableViewCell.xib in Resources */ = {isa = PBXBuildFile; fileRef = E916663E259BC00A0003102F /* CounterTableViewCell.xib */; };
		E916664C259BC6FC0003102F /* GenericMessageView.swift in Sources */ = {isa = PBXBuildFile; fileRef = E916664B259BC6FC0003102F /* GenericMessageView.swift */; };
		E9166652259BC7180003102F /* GenericMessageView.xib in Resources */ = {isa = PBXBuildFile; fileRef = E9166651259BC7180003102F /* GenericMessageView.xib */; };
		E9166660259BD2170003102F /* WelcomeViewController.swift in Sources */ = {isa = PBXBuildFile; fileRef = E916665F259BD2170003102F /* WelcomeViewController.swift */; };
		E9166665259BD2470003102F /* CreateCounterViewController.swift in Sources */ = {isa = PBXBuildFile; fileRef = E9166664259BD2470003102F /* CreateCounterViewController.swift */; };
		E916666B259BD27B0003102F /* MainViewController.swift in Sources */ = {isa = PBXBuildFile; fileRef = E916666A259BD27B0003102F /* MainViewController.swift */; };
		E9166671259BD2E80003102F /* StoryboardManager.swift in Sources */ = {isa = PBXBuildFile; fileRef = E9166670259BD2E80003102F /* StoryboardManager.swift */; };
		E96315D3259CA32100AE8F2F /* WelcomeInteractor.swift in Sources */ = {isa = PBXBuildFile; fileRef = E96315D2259CA32100AE8F2F /* WelcomeInteractor.swift */; };
		E96315D8259CA33000AE8F2F /* WelcomeRouter.swift in Sources */ = {isa = PBXBuildFile; fileRef = E96315D7259CA33000AE8F2F /* WelcomeRouter.swift */; };
		E96315DD259CA34000AE8F2F /* WelcomePresenter.swift in Sources */ = {isa = PBXBuildFile; fileRef = E96315DC259CA34000AE8F2F /* WelcomePresenter.swift */; };
		E96315E2259CA34F00AE8F2F /* WelcomeConfigurator.swift in Sources */ = {isa = PBXBuildFile; fileRef = E96315E1259CA34F00AE8F2F /* WelcomeConfigurator.swift */; };
		E96315EA259CA9AD00AE8F2F /* MainConfigurator.swift in Sources */ = {isa = PBXBuildFile; fileRef = E96315E9259CA9AD00AE8F2F /* MainConfigurator.swift */; };
		E96315EF259CA9B700AE8F2F /* MainRouter.swift in Sources */ = {isa = PBXBuildFile; fileRef = E96315EE259CA9B700AE8F2F /* MainRouter.swift */; };
		E96315F4259CA9BF00AE8F2F /* MainInteractor.swift in Sources */ = {isa = PBXBuildFile; fileRef = E96315F3259CA9BF00AE8F2F /* MainInteractor.swift */; };
		E96315F9259CA9CD00AE8F2F /* MainPresenter.swift in Sources */ = {isa = PBXBuildFile; fileRef = E96315F8259CA9CD00AE8F2F /* MainPresenter.swift */; };
		E963160A259D44E300AE8F2F /* CounterModel.swift in Sources */ = {isa = PBXBuildFile; fileRef = E9631609259D44E300AE8F2F /* CounterModel.swift */; };
		E963160F259D481800AE8F2F /* UIViewController+Alerts.swift in Sources */ = {isa = PBXBuildFile; fileRef = E963160E259D481800AE8F2F /* UIViewController+Alerts.swift */; };
		E9631614259D4F2100AE8F2F /* Colors.xcassets in Resources */ = {isa = PBXBuildFile; fileRef = E9631613259D4F2100AE8F2F /* Colors.xcassets */; };
		E963161C259D502A00AE8F2F /* UIColor+Brand.swift in Sources */ = {isa = PBXBuildFile; fileRef = E963161B259D502A00AE8F2F /* UIColor+Brand.swift */; };
		E963162B259D5B0300AE8F2F /* CustomizedView.swift in Sources */ = {isa = PBXBuildFile; fileRef = E963162A259D5B0300AE8F2F /* CustomizedView.swift */; };
		E9631633259D5D3700AE8F2F /* CustomizedTextField.swift in Sources */ = {isa = PBXBuildFile; fileRef = E9631632259D5D3700AE8F2F /* CustomizedTextField.swift */; };
		E9631638259D5E2C00AE8F2F /* CustomizedLabel.swift in Sources */ = {isa = PBXBuildFile; fileRef = E9631637259D5E2C00AE8F2F /* CustomizedLabel.swift */; };
		E963164B25A0B33900AE8F2F /* APIManager.swift in Sources */ = {isa = PBXBuildFile; fileRef = E963164A25A0B33900AE8F2F /* APIManager.swift */; };
		E963165A25A0C03900AE8F2F /* CountersService.swift in Sources */ = {isa = PBXBuildFile; fileRef = E963165925A0C03900AE8F2F /* CountersService.swift */; };
		E963166825A0C87E00AE8F2F /* MainResponse.swift in Sources */ = {isa = PBXBuildFile; fileRef = E963166725A0C87E00AE8F2F /* MainResponse.swift */; };
		E963166E25A0C96300AE8F2F /* DataProvider.swift in Sources */ = {isa = PBXBuildFile; fileRef = E963166C25A0C96300AE8F2F /* DataProvider.swift */; };
		E963166F25A0C96300AE8F2F /* ArrayDataProvider.swift in Sources */ = {isa = PBXBuildFile; fileRef = E963166D25A0C96300AE8F2F /* ArrayDataProvider.swift */; };
		E963167425A0C98B00AE8F2F /* MainDataProvider.swift in Sources */ = {isa = PBXBuildFile; fileRef = E963167325A0C98B00AE8F2F /* MainDataProvider.swift */; };
		E963167925A0C9AC00AE8F2F /* MainViewModel.swift in Sources */ = {isa = PBXBuildFile; fileRef = E963167825A0C9AC00AE8F2F /* MainViewModel.swift */; };
		E963167E25A0CB8400AE8F2F /* UITableViewCell+RegisterCell.swift in Sources */ = {isa = PBXBuildFile; fileRef = E963167D25A0CB8400AE8F2F /* UITableViewCell+RegisterCell.swift */; };
		E963168325A0CB9F00AE8F2F /* UITableView+RegisterCell.swift in Sources */ = {isa = PBXBuildFile; fileRef = E963168225A0CB9F00AE8F2F /* UITableView+RegisterCell.swift */; };
		E963169625A0E89600AE8F2F /* NavigationConfigureProtocol.swift in Sources */ = {isa = PBXBuildFile; fileRef = E963169525A0E89600AE8F2F /* NavigationConfigureProtocol.swift */; };
		E96316A425A0FDF700AE8F2F /* CreateCounterConfigurator.swift in Sources */ = {isa = PBXBuildFile; fileRef = E96316A325A0FDF700AE8F2F /* CreateCounterConfigurator.swift */; };
		E96316AC25A0FE0D00AE8F2F /* CreateCounterRouter.swift in Sources */ = {isa = PBXBuildFile; fileRef = E96316AB25A0FE0D00AE8F2F /* CreateCounterRouter.swift */; };
		E96316B125A0FE1E00AE8F2F /* CreateCounterInteractor.swift in Sources */ = {isa = PBXBuildFile; fileRef = E96316B025A0FE1E00AE8F2F /* CreateCounterInteractor.swift */; };
		E96316B625A0FE2A00AE8F2F /* CreateCounterPresenter.swift in Sources */ = {isa = PBXBuildFile; fileRef = E96316B525A0FE2A00AE8F2F /* CreateCounterPresenter.swift */; };
		E96316C225A0FFE200AE8F2F /* CreateItemExampleViewController.swift in Sources */ = {isa = PBXBuildFile; fileRef = E96316C125A0FFE200AE8F2F /* CreateItemExampleViewController.swift */; };
		E96316D125A102E500AE8F2F /* CreateItemExamples.storyboard in Resources */ = {isa = PBXBuildFile; fileRef = E96316D025A102E500AE8F2F /* CreateItemExamples.storyboard */; };
		E96316D725A103FC00AE8F2F /* ItemExamplesCollectionViewCell.swift in Sources */ = {isa = PBXBuildFile; fileRef = E96316D525A103FC00AE8F2F /* ItemExamplesCollectionViewCell.swift */; };
		E96316D825A103FC00AE8F2F /* ItemExamplesCollectionViewCell.xib in Resources */ = {isa = PBXBuildFile; fileRef = E96316D625A103FC00AE8F2F /* ItemExamplesCollectionViewCell.xib */; };
		E96316DE25A1042000AE8F2F /* ItemsCollectionTableViewCell.swift in Sources */ = {isa = PBXBuildFile; fileRef = E96316DC25A1042000AE8F2F /* ItemsCollectionTableViewCell.swift */; };
		E96316DF25A1042000AE8F2F /* ItemsCollectionTableViewCell.xib in Resources */ = {isa = PBXBuildFile; fileRef = E96316DD25A1042000AE8F2F /* ItemsCollectionTableViewCell.xib */; };
		E96316EB25A1094800AE8F2F /* CreateCounterResponse.swift in Sources */ = {isa = PBXBuildFile; fileRef = E96316EA25A1094800AE8F2F /* CreateCounterResponse.swift */; };
		E96316F125A10B1500AE8F2F /* CreateCounterViewModel.swift in Sources */ = {isa = PBXBuildFile; fileRef = E96316F025A10B1500AE8F2F /* CreateCounterViewModel.swift */; };
		E96316F725A10E9A00AE8F2F /* CreateItemExampleDataProvider.swift in Sources */ = {isa = PBXBuildFile; fileRef = E96316F625A10E9A00AE8F2F /* CreateItemExampleDataProvider.swift */; };
		E96316FF25A10EF100AE8F2F /* CreateItemExampleViewModel.swift in Sources */ = {isa = PBXBuildFile; fileRef = E96316FE25A10EF100AE8F2F /* CreateItemExampleViewModel.swift */; };
		E963170E25A1286400AE8F2F /* CoreDataManager.swift in Sources */ = {isa = PBXBuildFile; fileRef = E963170D25A1286400AE8F2F /* CoreDataManager.swift */; };
		E963173125A15D7100AE8F2F /* CreateItemExampleConfigurator.swift in Sources */ = {isa = PBXBuildFile; fileRef = E963173025A15D7100AE8F2F /* CreateItemExampleConfigurator.swift */; };
		E963173625A15D7A00AE8F2F /* CreateItemExampleRouter.swift in Sources */ = {isa = PBXBuildFile; fileRef = E963173525A15D7A00AE8F2F /* CreateItemExampleRouter.swift */; };
		E963173B25A1639000AE8F2F /* ReachabilityManager.swift in Sources */ = {isa = PBXBuildFile; fileRef = E963173A25A1639000AE8F2F /* ReachabilityManager.swift */; };
		E963174025A165F000AE8F2F /* ErrorModel.swift in Sources */ = {isa = PBXBuildFile; fileRef = E963173F25A165F000AE8F2F /* ErrorModel.swift */; };
		E9E6ECCD259B7EDE001B1FFF /* AppDelegate.swift in Sources */ = {isa = PBXBuildFile; fileRef = E9E6ECCC259B7EDE001B1FFF /* AppDelegate.swift */; };
		E9E6ECCF259B7EDE001B1FFF /* SceneDelegate.swift in Sources */ = {isa = PBXBuildFile; fileRef = E9E6ECCE259B7EDE001B1FFF /* SceneDelegate.swift */; };
		E9E6ECD7259B7EDF001B1FFF /* Counters.xcdatamodeld in Sources */ = {isa = PBXBuildFile; fileRef = E9E6ECD5259B7EDF001B1FFF /* Counters.xcdatamodeld */; };
		E9E6ECD9259B7EE7001B1FFF /* Assets.xcassets in Resources */ = {isa = PBXBuildFile; fileRef = E9E6ECD8259B7EE7001B1FFF /* Assets.xcassets */; };
		E9E6ECDC259B7EE7001B1FFF /* LaunchScreen.storyboard in Resources */ = {isa = PBXBuildFile; fileRef = E9E6ECDA259B7EE7001B1FFF /* LaunchScreen.storyboard */; };
		E9E6ECE7259B7EE8001B1FFF /* CountersTests.swift in Sources */ = {isa = PBXBuildFile; fileRef = E9E6ECE6259B7EE8001B1FFF /* CountersTests.swift */; };
		E9E6ECF2259B7EE8001B1FFF /* CountersUITests.swift in Sources */ = {isa = PBXBuildFile; fileRef = E9E6ECF1259B7EE8001B1FFF /* CountersUITests.swift */; };
		E9E6ED1A259B80E4001B1FFF /* AppRouter.swift in Sources */ = {isa = PBXBuildFile; fileRef = E9E6ED19259B80E4001B1FFF /* AppRouter.swift */; };
		E9E6ED3B259B9214001B1FFF /* Welcome.storyboard in Resources */ = {isa = PBXBuildFile; fileRef = E9E6ED3A259B9214001B1FFF /* Welcome.storyboard */; };
		E9E6ED43259B9235001B1FFF /* Main.storyboard in Resources */ = {isa = PBXBuildFile; fileRef = E9E6ED42259B9235001B1FFF /* Main.storyboard */; };
		E9E6ED48259B925E001B1FFF /* CreateCounter.storyboard in Resources */ = {isa = PBXBuildFile; fileRef = E9E6ED47259B925E001B1FFF /* CreateCounter.storyboard */; };
/* End PBXBuildFile section */

/* Begin PBXContainerItemProxy section */
		E9E6ECE3259B7EE8001B1FFF /* PBXContainerItemProxy */ = {
			isa = PBXContainerItemProxy;
			containerPortal = E9E6ECC1259B7EDE001B1FFF /* Project object */;
			proxyType = 1;
			remoteGlobalIDString = E9E6ECC8259B7EDE001B1FFF;
			remoteInfo = Counters;
		};
		E9E6ECEE259B7EE8001B1FFF /* PBXContainerItemProxy */ = {
			isa = PBXContainerItemProxy;
			containerPortal = E9E6ECC1259B7EDE001B1FFF /* Project object */;
			proxyType = 1;
			remoteGlobalIDString = E9E6ECC8259B7EDE001B1FFF;
			remoteInfo = Counters;
		};
/* End PBXContainerItemProxy section */

/* Begin PBXFileReference section */
		0D066F7200CB8F73AE4DF6B5 /* Pods-CountersTests.debug.xcconfig */ = {isa = PBXFileReference; includeInIndex = 1; lastKnownFileType = text.xcconfig; name = "Pods-CountersTests.debug.xcconfig"; path = "Target Support Files/Pods-CountersTests/Pods-CountersTests.debug.xcconfig"; sourceTree = "<group>"; };
		1A26B778427575D5A7FF5486 /* Pods-Counters-CountersUITests.release.xcconfig */ = {isa = PBXFileReference; includeInIndex = 1; lastKnownFileType = text.xcconfig; name = "Pods-Counters-CountersUITests.release.xcconfig"; path = "Target Support Files/Pods-Counters-CountersUITests/Pods-Counters-CountersUITests.release.xcconfig"; sourceTree = "<group>"; };
		21963C21FEA4E4359995D28D /* Pods-Counters.release.xcconfig */ = {isa = PBXFileReference; includeInIndex = 1; lastKnownFileType = text.xcconfig; name = "Pods-Counters.release.xcconfig"; path = "Target Support Files/Pods-Counters/Pods-Counters.release.xcconfig"; sourceTree = "<group>"; };
		39298971A8197B161FE53965 /* Pods_Counters.framework */ = {isa = PBXFileReference; explicitFileType = wrapper.framework; includeInIndex = 0; path = Pods_Counters.framework; sourceTree = BUILT_PRODUCTS_DIR; };
		47B430F3AAA7DC58C6954636 /* Pods-CountersTests.release.xcconfig */ = {isa = PBXFileReference; includeInIndex = 1; lastKnownFileType = text.xcconfig; name = "Pods-CountersTests.release.xcconfig"; path = "Target Support Files/Pods-CountersTests/Pods-CountersTests.release.xcconfig"; sourceTree = "<group>"; };
		830A2EB62D7CB6974D86790A /* Pods_Counters_CountersUITests.framework */ = {isa = PBXFileReference; explicitFileType = wrapper.framework; includeInIndex = 0; path = Pods_Counters_CountersUITests.framework; sourceTree = BUILT_PRODUCTS_DIR; };
		9446CFFFC1A339883E5E624B /* Pods_CountersTests.framework */ = {isa = PBXFileReference; explicitFileType = wrapper.framework; includeInIndex = 0; path = Pods_CountersTests.framework; sourceTree = BUILT_PRODUCTS_DIR; };
		E5449C884E95A781D4B16FB7 /* Pods-Counters-CountersUITests.debug.xcconfig */ = {isa = PBXFileReference; includeInIndex = 1; lastKnownFileType = text.xcconfig; name = "Pods-Counters-CountersUITests.debug.xcconfig"; path = "Target Support Files/Pods-Counters-CountersUITests/Pods-Counters-CountersUITests.debug.xcconfig"; sourceTree = "<group>"; };
		E916663D259BC00A0003102F /* CounterTableViewCell.swift */ = {isa = PBXFileReference; lastKnownFileType = sourcecode.swift; path = CounterTableViewCell.swift; sourceTree = "<group>"; };
		E916663E259BC00A0003102F /* CounterTableViewCell.xib */ = {isa = PBXFileReference; lastKnownFileType = file.xib; path = CounterTableViewCell.xib; sourceTree = "<group>"; };
		E916664B259BC6FC0003102F /* GenericMessageView.swift */ = {isa = PBXFileReference; lastKnownFileType = sourcecode.swift; path = GenericMessageView.swift; sourceTree = "<group>"; };
		E9166651259BC7180003102F /* GenericMessageView.xib */ = {isa = PBXFileReference; lastKnownFileType = file.xib; path = GenericMessageView.xib; sourceTree = "<group>"; };
		E916665F259BD2170003102F /* WelcomeViewController.swift */ = {isa = PBXFileReference; lastKnownFileType = sourcecode.swift; path = WelcomeViewController.swift; sourceTree = "<group>"; };
		E9166664259BD2470003102F /* CreateCounterViewController.swift */ = {isa = PBXFileReference; lastKnownFileType = sourcecode.swift; path = CreateCounterViewController.swift; sourceTree = "<group>"; };
		E916666A259BD27B0003102F /* MainViewController.swift */ = {isa = PBXFileReference; lastKnownFileType = sourcecode.swift; path = MainViewController.swift; sourceTree = "<group>"; };
		E9166670259BD2E80003102F /* StoryboardManager.swift */ = {isa = PBXFileReference; lastKnownFileType = sourcecode.swift; path = StoryboardManager.swift; sourceTree = "<group>"; };
		E96315D2259CA32100AE8F2F /* WelcomeInteractor.swift */ = {isa = PBXFileReference; lastKnownFileType = sourcecode.swift; path = WelcomeInteractor.swift; sourceTree = "<group>"; };
		E96315D7259CA33000AE8F2F /* WelcomeRouter.swift */ = {isa = PBXFileReference; lastKnownFileType = sourcecode.swift; path = WelcomeRouter.swift; sourceTree = "<group>"; };
		E96315DC259CA34000AE8F2F /* WelcomePresenter.swift */ = {isa = PBXFileReference; lastKnownFileType = sourcecode.swift; path = WelcomePresenter.swift; sourceTree = "<group>"; };
		E96315E1259CA34F00AE8F2F /* WelcomeConfigurator.swift */ = {isa = PBXFileReference; lastKnownFileType = sourcecode.swift; path = WelcomeConfigurator.swift; sourceTree = "<group>"; };
		E96315E9259CA9AD00AE8F2F /* MainConfigurator.swift */ = {isa = PBXFileReference; lastKnownFileType = sourcecode.swift; path = MainConfigurator.swift; sourceTree = "<group>"; };
		E96315EE259CA9B700AE8F2F /* MainRouter.swift */ = {isa = PBXFileReference; lastKnownFileType = sourcecode.swift; path = MainRouter.swift; sourceTree = "<group>"; };
		E96315F3259CA9BF00AE8F2F /* MainInteractor.swift */ = {isa = PBXFileReference; lastKnownFileType = sourcecode.swift; path = MainInteractor.swift; sourceTree = "<group>"; };
		E96315F8259CA9CD00AE8F2F /* MainPresenter.swift */ = {isa = PBXFileReference; lastKnownFileType = sourcecode.swift; path = MainPresenter.swift; sourceTree = "<group>"; };
		E9631609259D44E300AE8F2F /* CounterModel.swift */ = {isa = PBXFileReference; lastKnownFileType = sourcecode.swift; path = CounterModel.swift; sourceTree = "<group>"; };
		E963160E259D481800AE8F2F /* UIViewController+Alerts.swift */ = {isa = PBXFileReference; lastKnownFileType = sourcecode.swift; path = "UIViewController+Alerts.swift"; sourceTree = "<group>"; };
		E9631613259D4F2100AE8F2F /* Colors.xcassets */ = {isa = PBXFileReference; lastKnownFileType = folder.assetcatalog; path = Colors.xcassets; sourceTree = "<group>"; };
		E963161B259D502A00AE8F2F /* UIColor+Brand.swift */ = {isa = PBXFileReference; lastKnownFileType = sourcecode.swift; path = "UIColor+Brand.swift"; sourceTree = "<group>"; };
		E963162A259D5B0300AE8F2F /* CustomizedView.swift */ = {isa = PBXFileReference; lastKnownFileType = sourcecode.swift; path = CustomizedView.swift; sourceTree = "<group>"; };
		E9631632259D5D3700AE8F2F /* CustomizedTextField.swift */ = {isa = PBXFileReference; lastKnownFileType = sourcecode.swift; path = CustomizedTextField.swift; sourceTree = "<group>"; };
		E9631637259D5E2C00AE8F2F /* CustomizedLabel.swift */ = {isa = PBXFileReference; lastKnownFileType = sourcecode.swift; path = CustomizedLabel.swift; sourceTree = "<group>"; };
		E963164A25A0B33900AE8F2F /* APIManager.swift */ = {isa = PBXFileReference; lastKnownFileType = sourcecode.swift; path = APIManager.swift; sourceTree = "<group>"; };
		E963165925A0C03900AE8F2F /* CountersService.swift */ = {isa = PBXFileReference; lastKnownFileType = sourcecode.swift; path = CountersService.swift; sourceTree = "<group>"; };
		E963166725A0C87E00AE8F2F /* MainResponse.swift */ = {isa = PBXFileReference; lastKnownFileType = sourcecode.swift; path = MainResponse.swift; sourceTree = "<group>"; };
		E963166C25A0C96300AE8F2F /* DataProvider.swift */ = {isa = PBXFileReference; fileEncoding = 4; lastKnownFileType = sourcecode.swift; path = DataProvider.swift; sourceTree = "<group>"; };
		E963166D25A0C96300AE8F2F /* ArrayDataProvider.swift */ = {isa = PBXFileReference; fileEncoding = 4; lastKnownFileType = sourcecode.swift; path = ArrayDataProvider.swift; sourceTree = "<group>"; };
		E963167325A0C98B00AE8F2F /* MainDataProvider.swift */ = {isa = PBXFileReference; lastKnownFileType = sourcecode.swift; path = MainDataProvider.swift; sourceTree = "<group>"; };
		E963167825A0C9AC00AE8F2F /* MainViewModel.swift */ = {isa = PBXFileReference; lastKnownFileType = sourcecode.swift; path = MainViewModel.swift; sourceTree = "<group>"; };
		E963167D25A0CB8400AE8F2F /* UITableViewCell+RegisterCell.swift */ = {isa = PBXFileReference; lastKnownFileType = sourcecode.swift; path = "UITableViewCell+RegisterCell.swift"; sourceTree = "<group>"; };
		E963168225A0CB9F00AE8F2F /* UITableView+RegisterCell.swift */ = {isa = PBXFileReference; lastKnownFileType = sourcecode.swift; path = "UITableView+RegisterCell.swift"; sourceTree = "<group>"; };
		E963169525A0E89600AE8F2F /* NavigationConfigureProtocol.swift */ = {isa = PBXFileReference; lastKnownFileType = sourcecode.swift; path = NavigationConfigureProtocol.swift; sourceTree = "<group>"; };
		E96316A325A0FDF700AE8F2F /* CreateCounterConfigurator.swift */ = {isa = PBXFileReference; lastKnownFileType = sourcecode.swift; path = CreateCounterConfigurator.swift; sourceTree = "<group>"; };
		E96316AB25A0FE0D00AE8F2F /* CreateCounterRouter.swift */ = {isa = PBXFileReference; lastKnownFileType = sourcecode.swift; path = CreateCounterRouter.swift; sourceTree = "<group>"; };
		E96316B025A0FE1E00AE8F2F /* CreateCounterInteractor.swift */ = {isa = PBXFileReference; lastKnownFileType = sourcecode.swift; path = CreateCounterInteractor.swift; sourceTree = "<group>"; };
		E96316B525A0FE2A00AE8F2F /* CreateCounterPresenter.swift */ = {isa = PBXFileReference; lastKnownFileType = sourcecode.swift; path = CreateCounterPresenter.swift; sourceTree = "<group>"; };
		E96316C125A0FFE200AE8F2F /* CreateItemExampleViewController.swift */ = {isa = PBXFileReference; lastKnownFileType = sourcecode.swift; path = CreateItemExampleViewController.swift; sourceTree = "<group>"; };
		E96316D025A102E500AE8F2F /* CreateItemExamples.storyboard */ = {isa = PBXFileReference; lastKnownFileType = file.storyboard; path = CreateItemExamples.storyboard; sourceTree = "<group>"; };
		E96316D525A103FC00AE8F2F /* ItemExamplesCollectionViewCell.swift */ = {isa = PBXFileReference; lastKnownFileType = sourcecode.swift; path = ItemExamplesCollectionViewCell.swift; sourceTree = "<group>"; };
		E96316D625A103FC00AE8F2F /* ItemExamplesCollectionViewCell.xib */ = {isa = PBXFileReference; lastKnownFileType = file.xib; path = ItemExamplesCollectionViewCell.xib; sourceTree = "<group>"; };
		E96316DC25A1042000AE8F2F /* ItemsCollectionTableViewCell.swift */ = {isa = PBXFileReference; lastKnownFileType = sourcecode.swift; path = ItemsCollectionTableViewCell.swift; sourceTree = "<group>"; };
		E96316DD25A1042000AE8F2F /* ItemsCollectionTableViewCell.xib */ = {isa = PBXFileReference; lastKnownFileType = file.xib; path = ItemsCollectionTableViewCell.xib; sourceTree = "<group>"; };
		E96316EA25A1094800AE8F2F /* CreateCounterResponse.swift */ = {isa = PBXFileReference; lastKnownFileType = sourcecode.swift; path = CreateCounterResponse.swift; sourceTree = "<group>"; };
		E96316F025A10B1500AE8F2F /* CreateCounterViewModel.swift */ = {isa = PBXFileReference; lastKnownFileType = sourcecode.swift; path = CreateCounterViewModel.swift; sourceTree = "<group>"; };
		E96316F625A10E9A00AE8F2F /* CreateItemExampleDataProvider.swift */ = {isa = PBXFileReference; lastKnownFileType = sourcecode.swift; path = CreateItemExampleDataProvider.swift; sourceTree = "<group>"; };
		E96316FE25A10EF100AE8F2F /* CreateItemExampleViewModel.swift */ = {isa = PBXFileReference; lastKnownFileType = sourcecode.swift; path = CreateItemExampleViewModel.swift; sourceTree = "<group>"; };
		E963170D25A1286400AE8F2F /* CoreDataManager.swift */ = {isa = PBXFileReference; lastKnownFileType = sourcecode.swift; path = CoreDataManager.swift; sourceTree = "<group>"; };
		E963173025A15D7100AE8F2F /* CreateItemExampleConfigurator.swift */ = {isa = PBXFileReference; lastKnownFileType = sourcecode.swift; path = CreateItemExampleConfigurator.swift; sourceTree = "<group>"; };
		E963173525A15D7A00AE8F2F /* CreateItemExampleRouter.swift */ = {isa = PBXFileReference; lastKnownFileType = sourcecode.swift; path = CreateItemExampleRouter.swift; sourceTree = "<group>"; };
		E963173A25A1639000AE8F2F /* ReachabilityManager.swift */ = {isa = PBXFileReference; lastKnownFileType = sourcecode.swift; path = ReachabilityManager.swift; sourceTree = "<group>"; };
		E963173F25A165F000AE8F2F /* ErrorModel.swift */ = {isa = PBXFileReference; lastKnownFileType = sourcecode.swift; path = ErrorModel.swift; sourceTree = "<group>"; };
		E9E6ECC9259B7EDE001B1FFF /* Counters.app */ = {isa = PBXFileReference; explicitFileType = wrapper.application; includeInIndex = 0; path = Counters.app; sourceTree = BUILT_PRODUCTS_DIR; };
		E9E6ECCC259B7EDE001B1FFF /* AppDelegate.swift */ = {isa = PBXFileReference; lastKnownFileType = sourcecode.swift; path = AppDelegate.swift; sourceTree = "<group>"; };
		E9E6ECCE259B7EDE001B1FFF /* SceneDelegate.swift */ = {isa = PBXFileReference; lastKnownFileType = sourcecode.swift; path = SceneDelegate.swift; sourceTree = "<group>"; };
		E9E6ECD6259B7EDF001B1FFF /* Counters.xcdatamodel */ = {isa = PBXFileReference; lastKnownFileType = wrapper.xcdatamodel; path = Counters.xcdatamodel; sourceTree = "<group>"; };
		E9E6ECD8259B7EE7001B1FFF /* Assets.xcassets */ = {isa = PBXFileReference; lastKnownFileType = folder.assetcatalog; path = Assets.xcassets; sourceTree = "<group>"; };
		E9E6ECDB259B7EE7001B1FFF /* Base */ = {isa = PBXFileReference; lastKnownFileType = file.storyboard; name = Base; path = Base.lproj/LaunchScreen.storyboard; sourceTree = "<group>"; };
		E9E6ECDD259B7EE7001B1FFF /* Info.plist */ = {isa = PBXFileReference; lastKnownFileType = text.plist.xml; path = Info.plist; sourceTree = "<group>"; };
		E9E6ECE2259B7EE8001B1FFF /* CountersTests.xctest */ = {isa = PBXFileReference; explicitFileType = wrapper.cfbundle; includeInIndex = 0; path = CountersTests.xctest; sourceTree = BUILT_PRODUCTS_DIR; };
		E9E6ECE6259B7EE8001B1FFF /* CountersTests.swift */ = {isa = PBXFileReference; lastKnownFileType = sourcecode.swift; path = CountersTests.swift; sourceTree = "<group>"; };
		E9E6ECE8259B7EE8001B1FFF /* Info.plist */ = {isa = PBXFileReference; lastKnownFileType = text.plist.xml; path = Info.plist; sourceTree = "<group>"; };
		E9E6ECED259B7EE8001B1FFF /* CountersUITests.xctest */ = {isa = PBXFileReference; explicitFileType = wrapper.cfbundle; includeInIndex = 0; path = CountersUITests.xctest; sourceTree = BUILT_PRODUCTS_DIR; };
		E9E6ECF1259B7EE8001B1FFF /* CountersUITests.swift */ = {isa = PBXFileReference; lastKnownFileType = sourcecode.swift; path = CountersUITests.swift; sourceTree = "<group>"; };
		E9E6ECF3259B7EE8001B1FFF /* Info.plist */ = {isa = PBXFileReference; lastKnownFileType = text.plist.xml; path = Info.plist; sourceTree = "<group>"; };
		E9E6ED19259B80E4001B1FFF /* AppRouter.swift */ = {isa = PBXFileReference; lastKnownFileType = sourcecode.swift; path = AppRouter.swift; sourceTree = "<group>"; };
		E9E6ED3A259B9214001B1FFF /* Welcome.storyboard */ = {isa = PBXFileReference; lastKnownFileType = file.storyboard; path = Welcome.storyboard; sourceTree = "<group>"; };
		E9E6ED42259B9235001B1FFF /* Main.storyboard */ = {isa = PBXFileReference; lastKnownFileType = file.storyboard; path = Main.storyboard; sourceTree = "<group>"; };
		E9E6ED47259B925E001B1FFF /* CreateCounter.storyboard */ = {isa = PBXFileReference; lastKnownFileType = file.storyboard; path = CreateCounter.storyboard; sourceTree = "<group>"; };
		ED40DD57CF610AFCDB0C7224 /* Pods-Counters.debug.xcconfig */ = {isa = PBXFileReference; includeInIndex = 1; lastKnownFileType = text.xcconfig; name = "Pods-Counters.debug.xcconfig"; path = "Target Support Files/Pods-Counters/Pods-Counters.debug.xcconfig"; sourceTree = "<group>"; };
/* End PBXFileReference section */

/* Begin PBXFrameworksBuildPhase section */
		E9E6ECC6259B7EDE001B1FFF /* Frameworks */ = {
			isa = PBXFrameworksBuildPhase;
			buildActionMask = 2147483647;
			files = (
				68C439E64504D89350CF7430 /* Pods_Counters.framework in Frameworks */,
			);
			runOnlyForDeploymentPostprocessing = 0;
		};
		E9E6ECDF259B7EE8001B1FFF /* Frameworks */ = {
			isa = PBXFrameworksBuildPhase;
			buildActionMask = 2147483647;
			files = (
				2BC704326A2350949F29F738 /* Pods_CountersTests.framework in Frameworks */,
			);
			runOnlyForDeploymentPostprocessing = 0;
		};
		E9E6ECEA259B7EE8001B1FFF /* Frameworks */ = {
			isa = PBXFrameworksBuildPhase;
			buildActionMask = 2147483647;
			files = (
				7A04076ECD8B9F6E3BA5D0C4 /* Pods_Counters_CountersUITests.framework in Frameworks */,
			);
			runOnlyForDeploymentPostprocessing = 0;
		};
/* End PBXFrameworksBuildPhase section */

/* Begin PBXGroup section */
		0E2E04B61B28A6B3548D2236 /* Frameworks */ = {
			isa = PBXGroup;
			children = (
				39298971A8197B161FE53965 /* Pods_Counters.framework */,
				830A2EB62D7CB6974D86790A /* Pods_Counters_CountersUITests.framework */,
				9446CFFFC1A339883E5E624B /* Pods_CountersTests.framework */,
			);
			name = Frameworks;
			sourceTree = "<group>";
		};
		3B3FD6BAE145A84A0F19E300 /* Pods */ = {
			isa = PBXGroup;
			children = (
				ED40DD57CF610AFCDB0C7224 /* Pods-Counters.debug.xcconfig */,
				21963C21FEA4E4359995D28D /* Pods-Counters.release.xcconfig */,
				E5449C884E95A781D4B16FB7 /* Pods-Counters-CountersUITests.debug.xcconfig */,
				1A26B778427575D5A7FF5486 /* Pods-Counters-CountersUITests.release.xcconfig */,
				0D066F7200CB8F73AE4DF6B5 /* Pods-CountersTests.debug.xcconfig */,
				47B430F3AAA7DC58C6954636 /* Pods-CountersTests.release.xcconfig */,
			);
			path = Pods;
			sourceTree = "<group>";
		};
		E916663C259BBFBD0003102F /* Main */ = {
			isa = PBXGroup;
			children = (
				E916663D259BC00A0003102F /* CounterTableViewCell.swift */,
				E96316D525A103FC00AE8F2F /* ItemExamplesCollectionViewCell.swift */,
				E96316DC25A1042000AE8F2F /* ItemsCollectionTableViewCell.swift */,
			);
			path = Main;
			sourceTree = "<group>";
		};
		E916664A259BC69A0003102F /* Shared */ = {
			isa = PBXGroup;
			children = (
				E9166651259BC7180003102F /* GenericMessageView.xib */,
			);
			path = Shared;
			sourceTree = "<group>";
		};
		E9166650259BC7020003102F /* Shared */ = {
			isa = PBXGroup;
			children = (
				E916664B259BC6FC0003102F /* GenericMessageView.swift */,
			);
			path = Shared;
			sourceTree = "<group>";
		};
		E9166656259BD19B0003102F /* Main */ = {
			isa = PBXGroup;
			children = (
				E96316C025A0FFBA00AE8F2F /* CreateItemExample */,
				E9166669259BD25F0003102F /* CreateCounter */,
				E96315E9259CA9AD00AE8F2F /* MainConfigurator.swift */,
				E96315F3259CA9BF00AE8F2F /* MainInteractor.swift */,
				E96315F8259CA9CD00AE8F2F /* MainPresenter.swift */,
				E96315EE259CA9B700AE8F2F /* MainRouter.swift */,
				E916666A259BD27B0003102F /* MainViewController.swift */,
			);
			path = Main;
			sourceTree = "<group>";
		};
		E9166657259BD1A20003102F /* Shared */ = {
			isa = PBXGroup;
			children = (
			);
			path = Shared;
			sourceTree = "<group>";
		};
		E9166658259BD1C60003102F /* Welcome */ = {
			isa = PBXGroup;
			children = (
				E96315E1259CA34F00AE8F2F /* WelcomeConfigurator.swift */,
				E96315D2259CA32100AE8F2F /* WelcomeInteractor.swift */,
				E96315DC259CA34000AE8F2F /* WelcomePresenter.swift */,
				E96315D7259CA33000AE8F2F /* WelcomeRouter.swift */,
				E916665F259BD2170003102F /* WelcomeViewController.swift */,
			);
			path = Welcome;
			sourceTree = "<group>";
		};
		E9166669259BD25F0003102F /* CreateCounter */ = {
			isa = PBXGroup;
			children = (
				E96316A325A0FDF700AE8F2F /* CreateCounterConfigurator.swift */,
				E96316B025A0FE1E00AE8F2F /* CreateCounterInteractor.swift */,
				E96316B525A0FE2A00AE8F2F /* CreateCounterPresenter.swift */,
				E96316AB25A0FE0D00AE8F2F /* CreateCounterRouter.swift */,
				E9166664259BD2470003102F /* CreateCounterViewController.swift */,
			);
			path = CreateCounter;
			sourceTree = "<group>";
		};
		E916666F259BD2CE0003102F /* Managers */ = {
			isa = PBXGroup;
			children = (
				E9166670259BD2E80003102F /* StoryboardManager.swift */,
				E963170D25A1286400AE8F2F /* CoreDataManager.swift */,
				E963173A25A1639000AE8F2F /* ReachabilityManager.swift */,
			);
			path = Managers;
			sourceTree = "<group>";
		};
		E9631629259D5A3D00AE8F2F /* Common */ = {
			isa = PBXGroup;
			children = (
				E9631637259D5E2C00AE8F2F /* CustomizedLabel.swift */,
				E9631632259D5D3700AE8F2F /* CustomizedTextField.swift */,
				E963162A259D5B0300AE8F2F /* CustomizedView.swift */,
			);
			path = Common;
			sourceTree = "<group>";
		};
		E963164825A0B31A00AE8F2F /* API */ = {
			isa = PBXGroup;
			children = (
				E963164A25A0B33900AE8F2F /* APIManager.swift */,
			);
			path = API;
			sourceTree = "<group>";
		};
		E963164925A0B32000AE8F2F /* Services */ = {
			isa = PBXGroup;
			children = (
				E963165925A0C03900AE8F2F /* CountersService.swift */,
			);
			path = Services;
			sourceTree = "<group>";
		};
		E963165E25A0C81C00AE8F2F /* Main */ = {
			isa = PBXGroup;
			children = (
				E96316F525A10E7300AE8F2F /* CreateItemExamples */,
				E96316E925A1090500AE8F2F /* CreateCounter */,
				E963166725A0C87E00AE8F2F /* MainResponse.swift */,
				E963167325A0C98B00AE8F2F /* MainDataProvider.swift */,
				E963167825A0C9AC00AE8F2F /* MainViewModel.swift */,
			);
			path = Main;
			sourceTree = "<group>";
		};
		E963169425A0E86D00AE8F2F /* Common */ = {
			isa = PBXGroup;
			children = (
				E963169525A0E89600AE8F2F /* NavigationConfigureProtocol.swift */,
			);
			path = Common;
			sourceTree = "<group>";
		};
		E96316C025A0FFBA00AE8F2F /* CreateItemExample */ = {
			isa = PBXGroup;
			children = (
				E963173025A15D7100AE8F2F /* CreateItemExampleConfigurator.swift */,
				E96316C125A0FFE200AE8F2F /* CreateItemExampleViewController.swift */,
				E963173525A15D7A00AE8F2F /* CreateItemExampleRouter.swift */,
			);
			path = CreateItemExample;
			sourceTree = "<group>";
		};
		E96316E925A1090500AE8F2F /* CreateCounter */ = {
			isa = PBXGroup;
			children = (
				E96316EA25A1094800AE8F2F /* CreateCounterResponse.swift */,
				E96316F025A10B1500AE8F2F /* CreateCounterViewModel.swift */,
			);
			path = CreateCounter;
			sourceTree = "<group>";
		};
		E96316F525A10E7300AE8F2F /* CreateItemExamples */ = {
			isa = PBXGroup;
			children = (
				E96316F625A10E9A00AE8F2F /* CreateItemExampleDataProvider.swift */,
				E96316FE25A10EF100AE8F2F /* CreateItemExampleViewModel.swift */,
			);
			path = CreateItemExamples;
			sourceTree = "<group>";
		};
		E9E6ECC0259B7EDE001B1FFF = {
			isa = PBXGroup;
			children = (
				E9E6ECCB259B7EDE001B1FFF /* Counters */,
				E9E6ECE5259B7EE8001B1FFF /* CountersTests */,
				E9E6ECF0259B7EE8001B1FFF /* CountersUITests */,
				E9E6ECCA259B7EDE001B1FFF /* Products */,
				3B3FD6BAE145A84A0F19E300 /* Pods */,
				0E2E04B61B28A6B3548D2236 /* Frameworks */,
			);
			sourceTree = "<group>";
		};
		E9E6ECCA259B7EDE001B1FFF /* Products */ = {
			isa = PBXGroup;
			children = (
				E9E6ECC9259B7EDE001B1FFF /* Counters.app */,
				E9E6ECE2259B7EE8001B1FFF /* CountersTests.xctest */,
				E9E6ECED259B7EE8001B1FFF /* CountersUITests.xctest */,
			);
			name = Products;
			sourceTree = "<group>";
		};
		E9E6ECCB259B7EDE001B1FFF /* Counters */ = {
			isa = PBXGroup;
			children = (
				E9E6ED15259B8065001B1FFF /* Application */,
				E9E6ED13259B8054001B1FFF /* Extensions */,
				E9E6ED11259B8025001B1FFF /* Interfaces */,
				E9E6ED12259B8036001B1FFF /* Models */,
				E9E6ED0C259B7FD8001B1FFF /* Networking */,
				E9E6ED21259B816B001B1FFF /* Resources */,
				E9E6ED14259B8059001B1FFF /* Routers */,
				E9E6ED10259B8013001B1FFF /* Scenes */,
				E9E6ED0F259B7FF5001B1FFF /* Utilities */,
				E9E6ED0E259B7FED001B1FFF /* Vendors */,
				E9E6ED0D259B7FE5001B1FFF /* Views */,
				E9E6ECD5259B7EDF001B1FFF /* Counters.xcdatamodeld */,
			);
			path = Counters;
			sourceTree = "<group>";
		};
		E9E6ECE5259B7EE8001B1FFF /* CountersTests */ = {
			isa = PBXGroup;
			children = (
				E9E6ECE6259B7EE8001B1FFF /* CountersTests.swift */,
				E9E6ECE8259B7EE8001B1FFF /* Info.plist */,
			);
			path = CountersTests;
			sourceTree = "<group>";
		};
		E9E6ECF0259B7EE8001B1FFF /* CountersUITests */ = {
			isa = PBXGroup;
			children = (
				E9E6ECF1259B7EE8001B1FFF /* CountersUITests.swift */,
				E9E6ECF3259B7EE8001B1FFF /* Info.plist */,
			);
			path = CountersUITests;
			sourceTree = "<group>";
		};
		E9E6ED0C259B7FD8001B1FFF /* Networking */ = {
			isa = PBXGroup;
			children = (
				E963164825A0B31A00AE8F2F /* API */,
				E963164925A0B32000AE8F2F /* Services */,
			);
			path = Networking;
			sourceTree = "<group>";
		};
		E9E6ED0D259B7FE5001B1FFF /* Views */ = {
			isa = PBXGroup;
			children = (
				E9631629259D5A3D00AE8F2F /* Common */,
				E916663C259BBFBD0003102F /* Main */,
				E9166650259BC7020003102F /* Shared */,
			);
			path = Views;
			sourceTree = "<group>";
		};
		E9E6ED0E259B7FED001B1FFF /* Vendors */ = {
			isa = PBXGroup;
			children = (
				E963166D25A0C96300AE8F2F /* ArrayDataProvider.swift */,
				E963166C25A0C96300AE8F2F /* DataProvider.swift */,
			);
			path = Vendors;
			sourceTree = "<group>";
		};
		E9E6ED0F259B7FF5001B1FFF /* Utilities */ = {
			isa = PBXGroup;
			children = (
				E916666F259BD2CE0003102F /* Managers */,
			);
			path = Utilities;
			sourceTree = "<group>";
		};
		E9E6ED10259B8013001B1FFF /* Scenes */ = {
			isa = PBXGroup;
			children = (
				E963169425A0E86D00AE8F2F /* Common */,
				E9166656259BD19B0003102F /* Main */,
				E9166657259BD1A20003102F /* Shared */,
				E9166658259BD1C60003102F /* Welcome */,
			);
			path = Scenes;
			sourceTree = "<group>";
		};
		E9E6ED11259B8025001B1FFF /* Interfaces */ = {
			isa = PBXGroup;
			children = (
				E9E6ED39259B91D7001B1FFF /* Main */,
				E916664A259BC69A0003102F /* Shared */,
				E9E6ED38259B8797001B1FFF /* Welcome */,
				E9E6ECDA259B7EE7001B1FFF /* LaunchScreen.storyboard */,
			);
			path = Interfaces;
			sourceTree = "<group>";
		};
		E9E6ED12259B8036001B1FFF /* Models */ = {
			isa = PBXGroup;
			children = (
				E963165E25A0C81C00AE8F2F /* Main */,
				E9631609259D44E300AE8F2F /* CounterModel.swift */,
				E963173F25A165F000AE8F2F /* ErrorModel.swift */,
			);
			path = Models;
			sourceTree = "<group>";
		};
		E9E6ED13259B8054001B1FFF /* Extensions */ = {
			isa = PBXGroup;
			children = (
				E963161B259D502A00AE8F2F /* UIColor+Brand.swift */,
				E963167D25A0CB8400AE8F2F /* UITableViewCell+RegisterCell.swift */,
				E963168225A0CB9F00AE8F2F /* UITableView+RegisterCell.swift */,
				E963160E259D481800AE8F2F /* UIViewController+Alerts.swift */,
			);
			path = Extensions;
			sourceTree = "<group>";
		};
		E9E6ED14259B8059001B1FFF /* Routers */ = {
			isa = PBXGroup;
			children = (
				E9E6ED19259B80E4001B1FFF /* AppRouter.swift */,
			);
			path = Routers;
			sourceTree = "<group>";
		};
		E9E6ED15259B8065001B1FFF /* Application */ = {
			isa = PBXGroup;
			children = (
				E9E6ECCC259B7EDE001B1FFF /* AppDelegate.swift */,
				E9E6ECCE259B7EDE001B1FFF /* SceneDelegate.swift */,
			);
			path = Application;
			sourceTree = "<group>";
		};
		E9E6ED21259B816B001B1FFF /* Resources */ = {
			isa = PBXGroup;
			children = (
				E9E6ECD8259B7EE7001B1FFF /* Assets.xcassets */,
				E9631613259D4F2100AE8F2F /* Colors.xcassets */,
				E9E6ECDD259B7EE7001B1FFF /* Info.plist */,
			);
			path = Resources;
			sourceTree = "<group>";
		};
		E9E6ED38259B8797001B1FFF /* Welcome */ = {
			isa = PBXGroup;
			children = (
				E9E6ED3A259B9214001B1FFF /* Welcome.storyboard */,
			);
			path = Welcome;
			sourceTree = "<group>";
		};
		E9E6ED39259B91D7001B1FFF /* Main */ = {
			isa = PBXGroup;
			children = (
				E9E6ED47259B925E001B1FFF /* CreateCounter.storyboard */,
				E96316D025A102E500AE8F2F /* CreateItemExamples.storyboard */,
				E916663E259BC00A0003102F /* CounterTableViewCell.xib */,
				E96316D625A103FC00AE8F2F /* ItemExamplesCollectionViewCell.xib */,
				E96316DD25A1042000AE8F2F /* ItemsCollectionTableViewCell.xib */,
				E9E6ED42259B9235001B1FFF /* Main.storyboard */,
			);
			path = Main;
			sourceTree = "<group>";
		};
/* End PBXGroup section */

/* Begin PBXNativeTarget section */
		E9E6ECC8259B7EDE001B1FFF /* Counters */ = {
			isa = PBXNativeTarget;
			buildConfigurationList = E9E6ECF6259B7EE8001B1FFF /* Build configuration list for PBXNativeTarget "Counters" */;
			buildPhases = (
				2675A6E540567B4F0295B6B2 /* [CP] Check Pods Manifest.lock */,
				E9E6ECC5259B7EDE001B1FFF /* Sources */,
				E9E6ECC6259B7EDE001B1FFF /* Frameworks */,
				E9E6ECC7259B7EDE001B1FFF /* Resources */,
				7F492D7FC29DEB4CE9ED8178 /* [CP] Embed Pods Frameworks */,
				E9E6ED34259B867B001B1FFF /* ShellScript */,
			);
			buildRules = (
			);
			dependencies = (
			);
			name = Counters;
			productName = Counters;
			productReference = E9E6ECC9259B7EDE001B1FFF /* Counters.app */;
			productType = "com.apple.product-type.application";
		};
		E9E6ECE1259B7EE8001B1FFF /* CountersTests */ = {
			isa = PBXNativeTarget;
			buildConfigurationList = E9E6ECF9259B7EE8001B1FFF /* Build configuration list for PBXNativeTarget "CountersTests" */;
			buildPhases = (
				ABCBDDA216D4485356F4102F /* [CP] Check Pods Manifest.lock */,
				E9E6ECDE259B7EE8001B1FFF /* Sources */,
				E9E6ECDF259B7EE8001B1FFF /* Frameworks */,
				E9E6ECE0259B7EE8001B1FFF /* Resources */,
			);
			buildRules = (
			);
			dependencies = (
				E9E6ECE4259B7EE8001B1FFF /* PBXTargetDependency */,
			);
			name = CountersTests;
			productName = CountersTests;
			productReference = E9E6ECE2259B7EE8001B1FFF /* CountersTests.xctest */;
			productType = "com.apple.product-type.bundle.unit-test";
		};
		E9E6ECEC259B7EE8001B1FFF /* CountersUITests */ = {
			isa = PBXNativeTarget;
			buildConfigurationList = E9E6ECFC259B7EE8001B1FFF /* Build configuration list for PBXNativeTarget "CountersUITests" */;
			buildPhases = (
				B33A219BD89A42D41732026D /* [CP] Check Pods Manifest.lock */,
				E9E6ECE9259B7EE8001B1FFF /* Sources */,
				E9E6ECEA259B7EE8001B1FFF /* Frameworks */,
				E9E6ECEB259B7EE8001B1FFF /* Resources */,
				CC0FE3C3DB27EE08C6ECEA7D /* [CP] Embed Pods Frameworks */,
			);
			buildRules = (
			);
			dependencies = (
				E9E6ECEF259B7EE8001B1FFF /* PBXTargetDependency */,
			);
			name = CountersUITests;
			productName = CountersUITests;
			productReference = E9E6ECED259B7EE8001B1FFF /* CountersUITests.xctest */;
			productType = "com.apple.product-type.bundle.ui-testing";
		};
/* End PBXNativeTarget section */

/* Begin PBXProject section */
		E9E6ECC1259B7EDE001B1FFF /* Project object */ = {
			isa = PBXProject;
			attributes = {
				LastSwiftUpdateCheck = 1230;
				LastUpgradeCheck = 1230;
				TargetAttributes = {
					E9E6ECC8259B7EDE001B1FFF = {
						CreatedOnToolsVersion = 12.3;
					};
					E9E6ECE1259B7EE8001B1FFF = {
						CreatedOnToolsVersion = 12.3;
						TestTargetID = E9E6ECC8259B7EDE001B1FFF;
					};
					E9E6ECEC259B7EE8001B1FFF = {
						CreatedOnToolsVersion = 12.3;
						TestTargetID = E9E6ECC8259B7EDE001B1FFF;
					};
				};
			};
			buildConfigurationList = E9E6ECC4259B7EDE001B1FFF /* Build configuration list for PBXProject "Counters" */;
			compatibilityVersion = "Xcode 9.3";
			developmentRegion = en;
			hasScannedForEncodings = 0;
			knownRegions = (
				en,
				Base,
			);
			mainGroup = E9E6ECC0259B7EDE001B1FFF;
			productRefGroup = E9E6ECCA259B7EDE001B1FFF /* Products */;
			projectDirPath = "";
			projectRoot = "";
			targets = (
				E9E6ECC8259B7EDE001B1FFF /* Counters */,
				E9E6ECE1259B7EE8001B1FFF /* CountersTests */,
				E9E6ECEC259B7EE8001B1FFF /* CountersUITests */,
			);
		};
/* End PBXProject section */

/* Begin PBXResourcesBuildPhase section */
		E9E6ECC7259B7EDE001B1FFF /* Resources */ = {
			isa = PBXResourcesBuildPhase;
			buildActionMask = 2147483647;
			files = (
				E9E6ECDC259B7EE7001B1FFF /* LaunchScreen.storyboard in Resources */,
				E9E6ED43259B9235001B1FFF /* Main.storyboard in Resources */,
				E9E6ED3B259B9214001B1FFF /* Welcome.storyboard in Resources */,
				E96316DF25A1042000AE8F2F /* ItemsCollectionTableViewCell.xib in Resources */,
				E9166640259BC00A0003102F /* CounterTableViewCell.xib in Resources */,
				E9166652259BC7180003102F /* GenericMessageView.xib in Resources */,
				E9631614259D4F2100AE8F2F /* Colors.xcassets in Resources */,
				E96316D825A103FC00AE8F2F /* ItemExamplesCollectionViewCell.xib in Resources */,
				E96316D125A102E500AE8F2F /* CreateItemExamples.storyboard in Resources */,
				E9E6ECD9259B7EE7001B1FFF /* Assets.xcassets in Resources */,
				E9E6ED48259B925E001B1FFF /* CreateCounter.storyboard in Resources */,
			);
			runOnlyForDeploymentPostprocessing = 0;
		};
		E9E6ECE0259B7EE8001B1FFF /* Resources */ = {
			isa = PBXResourcesBuildPhase;
			buildActionMask = 2147483647;
			files = (
			);
			runOnlyForDeploymentPostprocessing = 0;
		};
		E9E6ECEB259B7EE8001B1FFF /* Resources */ = {
			isa = PBXResourcesBuildPhase;
			buildActionMask = 2147483647;
			files = (
			);
			runOnlyForDeploymentPostprocessing = 0;
		};
/* End PBXResourcesBuildPhase section */

/* Begin PBXShellScriptBuildPhase section */
		2675A6E540567B4F0295B6B2 /* [CP] Check Pods Manifest.lock */ = {
			isa = PBXShellScriptBuildPhase;
			buildActionMask = 2147483647;
			files = (
			);
			inputFileListPaths = (
			);
			inputPaths = (
				"${PODS_PODFILE_DIR_PATH}/Podfile.lock",
				"${PODS_ROOT}/Manifest.lock",
			);
			name = "[CP] Check Pods Manifest.lock";
			outputFileListPaths = (
			);
			outputPaths = (
				"$(DERIVED_FILE_DIR)/Pods-Counters-checkManifestLockResult.txt",
			);
			runOnlyForDeploymentPostprocessing = 0;
			shellPath = /bin/sh;
			shellScript = "diff \"${PODS_PODFILE_DIR_PATH}/Podfile.lock\" \"${PODS_ROOT}/Manifest.lock\" > /dev/null\nif [ $? != 0 ] ; then\n    # print error to STDERR\n    echo \"error: The sandbox is not in sync with the Podfile.lock. Run 'pod install' or update your CocoaPods installation.\" >&2\n    exit 1\nfi\n# This output is used by Xcode 'outputs' to avoid re-running this script phase.\necho \"SUCCESS\" > \"${SCRIPT_OUTPUT_FILE_0}\"\n";
			showEnvVarsInLog = 0;
		};
		7F492D7FC29DEB4CE9ED8178 /* [CP] Embed Pods Frameworks */ = {
			isa = PBXShellScriptBuildPhase;
			buildActionMask = 2147483647;
			files = (
			);
			inputFileListPaths = (
				"${PODS_ROOT}/Target Support Files/Pods-Counters/Pods-Counters-frameworks-${CONFIGURATION}-input-files.xcfilelist",
			);
			name = "[CP] Embed Pods Frameworks";
			outputFileListPaths = (
				"${PODS_ROOT}/Target Support Files/Pods-Counters/Pods-Counters-frameworks-${CONFIGURATION}-output-files.xcfilelist",
			);
			runOnlyForDeploymentPostprocessing = 0;
			shellPath = /bin/sh;
			shellScript = "\"${PODS_ROOT}/Target Support Files/Pods-Counters/Pods-Counters-frameworks.sh\"\n";
			showEnvVarsInLog = 0;
		};
		ABCBDDA216D4485356F4102F /* [CP] Check Pods Manifest.lock */ = {
			isa = PBXShellScriptBuildPhase;
			buildActionMask = 2147483647;
			files = (
			);
			inputFileListPaths = (
			);
			inputPaths = (
				"${PODS_PODFILE_DIR_PATH}/Podfile.lock",
				"${PODS_ROOT}/Manifest.lock",
			);
			name = "[CP] Check Pods Manifest.lock";
			outputFileListPaths = (
			);
			outputPaths = (
				"$(DERIVED_FILE_DIR)/Pods-CountersTests-checkManifestLockResult.txt",
			);
			runOnlyForDeploymentPostprocessing = 0;
			shellPath = /bin/sh;
			shellScript = "diff \"${PODS_PODFILE_DIR_PATH}/Podfile.lock\" \"${PODS_ROOT}/Manifest.lock\" > /dev/null\nif [ $? != 0 ] ; then\n    # print error to STDERR\n    echo \"error: The sandbox is not in sync with the Podfile.lock. Run 'pod install' or update your CocoaPods installation.\" >&2\n    exit 1\nfi\n# This output is used by Xcode 'outputs' to avoid re-running this script phase.\necho \"SUCCESS\" > \"${SCRIPT_OUTPUT_FILE_0}\"\n";
			showEnvVarsInLog = 0;
		};
		B33A219BD89A42D41732026D /* [CP] Check Pods Manifest.lock */ = {
			isa = PBXShellScriptBuildPhase;
			buildActionMask = 2147483647;
			files = (
			);
			inputFileListPaths = (
			);
			inputPaths = (
				"${PODS_PODFILE_DIR_PATH}/Podfile.lock",
				"${PODS_ROOT}/Manifest.lock",
			);
			name = "[CP] Check Pods Manifest.lock";
			outputFileListPaths = (
			);
			outputPaths = (
				"$(DERIVED_FILE_DIR)/Pods-Counters-CountersUITests-checkManifestLockResult.txt",
			);
			runOnlyForDeploymentPostprocessing = 0;
			shellPath = /bin/sh;
			shellScript = "diff \"${PODS_PODFILE_DIR_PATH}/Podfile.lock\" \"${PODS_ROOT}/Manifest.lock\" > /dev/null\nif [ $? != 0 ] ; then\n    # print error to STDERR\n    echo \"error: The sandbox is not in sync with the Podfile.lock. Run 'pod install' or update your CocoaPods installation.\" >&2\n    exit 1\nfi\n# This output is used by Xcode 'outputs' to avoid re-running this script phase.\necho \"SUCCESS\" > \"${SCRIPT_OUTPUT_FILE_0}\"\n";
			showEnvVarsInLog = 0;
		};
		CC0FE3C3DB27EE08C6ECEA7D /* [CP] Embed Pods Frameworks */ = {
			isa = PBXShellScriptBuildPhase;
			buildActionMask = 2147483647;
			files = (
			);
			inputFileListPaths = (
				"${PODS_ROOT}/Target Support Files/Pods-Counters-CountersUITests/Pods-Counters-CountersUITests-frameworks-${CONFIGURATION}-input-files.xcfilelist",
			);
			name = "[CP] Embed Pods Frameworks";
			outputFileListPaths = (
				"${PODS_ROOT}/Target Support Files/Pods-Counters-CountersUITests/Pods-Counters-CountersUITests-frameworks-${CONFIGURATION}-output-files.xcfilelist",
			);
			runOnlyForDeploymentPostprocessing = 0;
			shellPath = /bin/sh;
			shellScript = "\"${PODS_ROOT}/Target Support Files/Pods-Counters-CountersUITests/Pods-Counters-CountersUITests-frameworks.sh\"\n";
			showEnvVarsInLog = 0;
		};
		E9E6ED34259B867B001B1FFF /* ShellScript */ = {
			isa = PBXShellScriptBuildPhase;
			buildActionMask = 2147483647;
			files = (
			);
			inputFileListPaths = (
			);
			inputPaths = (
			);
			outputFileListPaths = (
			);
			outputPaths = (
			);
			runOnlyForDeploymentPostprocessing = 0;
			shellPath = /bin/sh;
			shellScript = "# Type a script or drag a script file from your workspace to insert its path.\n\"${PODS_ROOT}/SwiftLint/swiftlint\"\n";
		};
/* End PBXShellScriptBuildPhase section */

/* Begin PBXSourcesBuildPhase section */
		E9E6ECC5259B7EDE001B1FFF /* Sources */ = {
			isa = PBXSourcesBuildPhase;
			buildActionMask = 2147483647;
			files = (
				E9E6ECD7259B7EDF001B1FFF /* Counters.xcdatamodeld in Sources */,
				E96315EF259CA9B700AE8F2F /* MainRouter.swift in Sources */,
				E916663F259BC00A0003102F /* CounterTableViewCell.swift in Sources */,
				E963160F259D481800AE8F2F /* UIViewController+Alerts.swift in Sources */,
				E96316B125A0FE1E00AE8F2F /* CreateCounterInteractor.swift in Sources */,
				E96315D3259CA32100AE8F2F /* WelcomeInteractor.swift in Sources */,
				E96315D8259CA33000AE8F2F /* WelcomeRouter.swift in Sources */,
				E963167E25A0CB8400AE8F2F /* UITableViewCell+RegisterCell.swift in Sources */,
				E963170E25A1286400AE8F2F /* CoreDataManager.swift in Sources */,
				E96316C225A0FFE200AE8F2F /* CreateItemExampleViewController.swift in Sources */,
				E9E6ECCD259B7EDE001B1FFF /* AppDelegate.swift in Sources */,
				E963169625A0E89600AE8F2F /* NavigationConfigureProtocol.swift in Sources */,
				E9631638259D5E2C00AE8F2F /* CustomizedLabel.swift in Sources */,
				E963165A25A0C03900AE8F2F /* CountersService.swift in Sources */,
				E96316FF25A10EF100AE8F2F /* CreateItemExampleViewModel.swift in Sources */,
				E96316A425A0FDF700AE8F2F /* CreateCounterConfigurator.swift in Sources */,
				E916664C259BC6FC0003102F /* GenericMessageView.swift in Sources */,
				E963166E25A0C96300AE8F2F /* DataProvider.swift in Sources */,
				E9166671259BD2E80003102F /* StoryboardManager.swift in Sources */,
				E96315DD259CA34000AE8F2F /* WelcomePresenter.swift in Sources */,
				E96316F725A10E9A00AE8F2F /* CreateItemExampleDataProvider.swift in Sources */,
				E963161C259D502A00AE8F2F /* UIColor+Brand.swift in Sources */,
				E963162B259D5B0300AE8F2F /* CustomizedView.swift in Sources */,
				E9E6ED1A259B80E4001B1FFF /* AppRouter.swift in Sources */,
				E9166665259BD2470003102F /* CreateCounterViewController.swift in Sources */,
				E963167425A0C98B00AE8F2F /* MainDataProvider.swift in Sources */,
				E96316AC25A0FE0D00AE8F2F /* CreateCounterRouter.swift in Sources */,
				E963160A259D44E300AE8F2F /* CounterModel.swift in Sources */,
				E916666B259BD27B0003102F /* MainViewController.swift in Sources */,
				E9E6ECCF259B7EDE001B1FFF /* SceneDelegate.swift in Sources */,
				E963174025A165F000AE8F2F /* ErrorModel.swift in Sources */,
				E96316EB25A1094800AE8F2F /* CreateCounterResponse.swift in Sources */,
				E96315F9259CA9CD00AE8F2F /* MainPresenter.swift in Sources */,
				E963166825A0C87E00AE8F2F /* MainResponse.swift in Sources */,
				E9166660259BD2170003102F /* WelcomeViewController.swift in Sources */,
				E96316B625A0FE2A00AE8F2F /* CreateCounterPresenter.swift in Sources */,
				E96316DE25A1042000AE8F2F /* ItemsCollectionTableViewCell.swift in Sources */,
				E963166F25A0C96300AE8F2F /* ArrayDataProvider.swift in Sources */,
				E96315E2259CA34F00AE8F2F /* WelcomeConfigurator.swift in Sources */,
				E96316F125A10B1500AE8F2F /* CreateCounterViewModel.swift in Sources */,
				E963168325A0CB9F00AE8F2F /* UITableView+RegisterCell.swift in Sources */,
				E963173625A15D7A00AE8F2F /* CreateItemExampleRouter.swift in Sources */,
				E96315F4259CA9BF00AE8F2F /* MainInteractor.swift in Sources */,
				E963173125A15D7100AE8F2F /* CreateItemExampleConfigurator.swift in Sources */,
				E963164B25A0B33900AE8F2F /* APIManager.swift in Sources */,
				E963173B25A1639000AE8F2F /* ReachabilityManager.swift in Sources */,
				E96316D725A103FC00AE8F2F /* ItemExamplesCollectionViewCell.swift in Sources */,
				E9631633259D5D3700AE8F2F /* CustomizedTextField.swift in Sources */,
				E96315EA259CA9AD00AE8F2F /* MainConfigurator.swift in Sources */,
				E963167925A0C9AC00AE8F2F /* MainViewModel.swift in Sources */,
			);
			runOnlyForDeploymentPostprocessing = 0;
		};
		E9E6ECDE259B7EE8001B1FFF /* Sources */ = {
			isa = PBXSourcesBuildPhase;
			buildActionMask = 2147483647;
			files = (
				E9E6ECE7259B7EE8001B1FFF /* CountersTests.swift in Sources */,
			);
			runOnlyForDeploymentPostprocessing = 0;
		};
		E9E6ECE9259B7EE8001B1FFF /* Sources */ = {
			isa = PBXSourcesBuildPhase;
			buildActionMask = 2147483647;
			files = (
				E9E6ECF2259B7EE8001B1FFF /* CountersUITests.swift in Sources */,
			);
			runOnlyForDeploymentPostprocessing = 0;
		};
/* End PBXSourcesBuildPhase section */

/* Begin PBXTargetDependency section */
		E9E6ECE4259B7EE8001B1FFF /* PBXTargetDependency */ = {
			isa = PBXTargetDependency;
			target = E9E6ECC8259B7EDE001B1FFF /* Counters */;
			targetProxy = E9E6ECE3259B7EE8001B1FFF /* PBXContainerItemProxy */;
		};
		E9E6ECEF259B7EE8001B1FFF /* PBXTargetDependency */ = {
			isa = PBXTargetDependency;
			target = E9E6ECC8259B7EDE001B1FFF /* Counters */;
			targetProxy = E9E6ECEE259B7EE8001B1FFF /* PBXContainerItemProxy */;
		};
/* End PBXTargetDependency section */

/* Begin PBXVariantGroup section */
		E9E6ECDA259B7EE7001B1FFF /* LaunchScreen.storyboard */ = {
			isa = PBXVariantGroup;
			children = (
				E9E6ECDB259B7EE7001B1FFF /* Base */,
			);
			name = LaunchScreen.storyboard;
			sourceTree = "<group>";
		};
/* End PBXVariantGroup section */

/* Begin XCBuildConfiguration section */
		E9E6ECF4259B7EE8001B1FFF /* Debug */ = {
			isa = XCBuildConfiguration;
			buildSettings = {
				ALWAYS_SEARCH_USER_PATHS = NO;
				CLANG_ANALYZER_NONNULL = YES;
				CLANG_ANALYZER_NUMBER_OBJECT_CONVERSION = YES_AGGRESSIVE;
				CLANG_CXX_LANGUAGE_STANDARD = "gnu++14";
				CLANG_CXX_LIBRARY = "libc++";
				CLANG_ENABLE_MODULES = YES;
				CLANG_ENABLE_OBJC_ARC = YES;
				CLANG_ENABLE_OBJC_WEAK = YES;
				CLANG_WARN_BLOCK_CAPTURE_AUTORELEASING = YES;
				CLANG_WARN_BOOL_CONVERSION = YES;
				CLANG_WARN_COMMA = YES;
				CLANG_WARN_CONSTANT_CONVERSION = YES;
				CLANG_WARN_DEPRECATED_OBJC_IMPLEMENTATIONS = YES;
				CLANG_WARN_DIRECT_OBJC_ISA_USAGE = YES_ERROR;
				CLANG_WARN_DOCUMENTATION_COMMENTS = YES;
				CLANG_WARN_EMPTY_BODY = YES;
				CLANG_WARN_ENUM_CONVERSION = YES;
				CLANG_WARN_INFINITE_RECURSION = YES;
				CLANG_WARN_INT_CONVERSION = YES;
				CLANG_WARN_NON_LITERAL_NULL_CONVERSION = YES;
				CLANG_WARN_OBJC_IMPLICIT_RETAIN_SELF = YES;
				CLANG_WARN_OBJC_LITERAL_CONVERSION = YES;
				CLANG_WARN_OBJC_ROOT_CLASS = YES_ERROR;
				CLANG_WARN_QUOTED_INCLUDE_IN_FRAMEWORK_HEADER = YES;
				CLANG_WARN_RANGE_LOOP_ANALYSIS = YES;
				CLANG_WARN_STRICT_PROTOTYPES = YES;
				CLANG_WARN_SUSPICIOUS_MOVE = YES;
				CLANG_WARN_UNGUARDED_AVAILABILITY = YES_AGGRESSIVE;
				CLANG_WARN_UNREACHABLE_CODE = YES;
				CLANG_WARN__DUPLICATE_METHOD_MATCH = YES;
				COPY_PHASE_STRIP = NO;
				DEBUG_INFORMATION_FORMAT = dwarf;
				ENABLE_STRICT_OBJC_MSGSEND = YES;
				ENABLE_TESTABILITY = YES;
				GCC_C_LANGUAGE_STANDARD = gnu11;
				GCC_DYNAMIC_NO_PIC = NO;
				GCC_NO_COMMON_BLOCKS = YES;
				GCC_OPTIMIZATION_LEVEL = 0;
				GCC_PREPROCESSOR_DEFINITIONS = (
					"DEBUG=1",
					"$(inherited)",
				);
				GCC_WARN_64_TO_32_BIT_CONVERSION = YES;
				GCC_WARN_ABOUT_RETURN_TYPE = YES_ERROR;
				GCC_WARN_UNDECLARED_SELECTOR = YES;
				GCC_WARN_UNINITIALIZED_AUTOS = YES_AGGRESSIVE;
				GCC_WARN_UNUSED_FUNCTION = YES;
				GCC_WARN_UNUSED_VARIABLE = YES;
				IPHONEOS_DEPLOYMENT_TARGET = 13.0;
				MTL_ENABLE_DEBUG_INFO = INCLUDE_SOURCE;
				MTL_FAST_MATH = YES;
				ONLY_ACTIVE_ARCH = YES;
				SDKROOT = iphoneos;
				SWIFT_ACTIVE_COMPILATION_CONDITIONS = DEBUG;
				SWIFT_OPTIMIZATION_LEVEL = "-Onone";
			};
			name = Debug;
		};
		E9E6ECF5259B7EE8001B1FFF /* Release */ = {
			isa = XCBuildConfiguration;
			buildSettings = {
				ALWAYS_SEARCH_USER_PATHS = NO;
				CLANG_ANALYZER_NONNULL = YES;
				CLANG_ANALYZER_NUMBER_OBJECT_CONVERSION = YES_AGGRESSIVE;
				CLANG_CXX_LANGUAGE_STANDARD = "gnu++14";
				CLANG_CXX_LIBRARY = "libc++";
				CLANG_ENABLE_MODULES = YES;
				CLANG_ENABLE_OBJC_ARC = YES;
				CLANG_ENABLE_OBJC_WEAK = YES;
				CLANG_WARN_BLOCK_CAPTURE_AUTORELEASING = YES;
				CLANG_WARN_BOOL_CONVERSION = YES;
				CLANG_WARN_COMMA = YES;
				CLANG_WARN_CONSTANT_CONVERSION = YES;
				CLANG_WARN_DEPRECATED_OBJC_IMPLEMENTATIONS = YES;
				CLANG_WARN_DIRECT_OBJC_ISA_USAGE = YES_ERROR;
				CLANG_WARN_DOCUMENTATION_COMMENTS = YES;
				CLANG_WARN_EMPTY_BODY = YES;
				CLANG_WARN_ENUM_CONVERSION = YES;
				CLANG_WARN_INFINITE_RECURSION = YES;
				CLANG_WARN_INT_CONVERSION = YES;
				CLANG_WARN_NON_LITERAL_NULL_CONVERSION = YES;
				CLANG_WARN_OBJC_IMPLICIT_RETAIN_SELF = YES;
				CLANG_WARN_OBJC_LITERAL_CONVERSION = YES;
				CLANG_WARN_OBJC_ROOT_CLASS = YES_ERROR;
				CLANG_WARN_QUOTED_INCLUDE_IN_FRAMEWORK_HEADER = YES;
				CLANG_WARN_RANGE_LOOP_ANALYSIS = YES;
				CLANG_WARN_STRICT_PROTOTYPES = YES;
				CLANG_WARN_SUSPICIOUS_MOVE = YES;
				CLANG_WARN_UNGUARDED_AVAILABILITY = YES_AGGRESSIVE;
				CLANG_WARN_UNREACHABLE_CODE = YES;
				CLANG_WARN__DUPLICATE_METHOD_MATCH = YES;
				COPY_PHASE_STRIP = NO;
				DEBUG_INFORMATION_FORMAT = "dwarf-with-dsym";
				ENABLE_NS_ASSERTIONS = NO;
				ENABLE_STRICT_OBJC_MSGSEND = YES;
				GCC_C_LANGUAGE_STANDARD = gnu11;
				GCC_NO_COMMON_BLOCKS = YES;
				GCC_WARN_64_TO_32_BIT_CONVERSION = YES;
				GCC_WARN_ABOUT_RETURN_TYPE = YES_ERROR;
				GCC_WARN_UNDECLARED_SELECTOR = YES;
				GCC_WARN_UNINITIALIZED_AUTOS = YES_AGGRESSIVE;
				GCC_WARN_UNUSED_FUNCTION = YES;
				GCC_WARN_UNUSED_VARIABLE = YES;
				IPHONEOS_DEPLOYMENT_TARGET = 13.0;
				MTL_ENABLE_DEBUG_INFO = NO;
				MTL_FAST_MATH = YES;
				SDKROOT = iphoneos;
				SWIFT_COMPILATION_MODE = wholemodule;
				SWIFT_OPTIMIZATION_LEVEL = "-O";
				VALIDATE_PRODUCT = YES;
			};
			name = Release;
		};
		E9E6ECF7259B7EE8001B1FFF /* Debug */ = {
			isa = XCBuildConfiguration;
			baseConfigurationReference = ED40DD57CF610AFCDB0C7224 /* Pods-Counters.debug.xcconfig */;
			buildSettings = {
				ASSETCATALOG_COMPILER_APPICON_NAME = AppIcon;
				ASSETCATALOG_COMPILER_GLOBAL_ACCENT_COLOR_NAME = AccentColor;
				CODE_SIGN_STYLE = Automatic;
				DEVELOPMENT_TEAM = 56HKER56MM;
				INFOPLIST_FILE = Counters/Resources/Info.plist;
				IPHONEOS_DEPLOYMENT_TARGET = 13.0;
				LD_RUNPATH_SEARCH_PATHS = (
					"$(inherited)",
					"@executable_path/Frameworks",
				);
				PRODUCT_BUNDLE_IDENTIFIER = com.teamMobile.Counters;
				PRODUCT_NAME = "$(TARGET_NAME)";
				SWIFT_VERSION = 5.0;
				TARGETED_DEVICE_FAMILY = "1,2";
			};
			name = Debug;
		};
		E9E6ECF8259B7EE8001B1FFF /* Release */ = {
			isa = XCBuildConfiguration;
			baseConfigurationReference = 21963C21FEA4E4359995D28D /* Pods-Counters.release.xcconfig */;
			buildSettings = {
				ASSETCATALOG_COMPILER_APPICON_NAME = AppIcon;
				ASSETCATALOG_COMPILER_GLOBAL_ACCENT_COLOR_NAME = AccentColor;
				CODE_SIGN_STYLE = Automatic;
				DEVELOPMENT_TEAM = 56HKER56MM;
				INFOPLIST_FILE = Counters/Resources/Info.plist;
				IPHONEOS_DEPLOYMENT_TARGET = 13.0;
				LD_RUNPATH_SEARCH_PATHS = (
					"$(inherited)",
					"@executable_path/Frameworks",
				);
				PRODUCT_BUNDLE_IDENTIFIER = com.teamMobile.Counters;
				PRODUCT_NAME = "$(TARGET_NAME)";
				SWIFT_VERSION = 5.0;
				TARGETED_DEVICE_FAMILY = "1,2";
			};
			name = Release;
		};
		E9E6ECFA259B7EE8001B1FFF /* Debug */ = {
			isa = XCBuildConfiguration;
			baseConfigurationReference = 0D066F7200CB8F73AE4DF6B5 /* Pods-CountersTests.debug.xcconfig */;
			buildSettings = {
				ALWAYS_EMBED_SWIFT_STANDARD_LIBRARIES = YES;
				BUNDLE_LOADER = "$(TEST_HOST)";
				CODE_SIGN_STYLE = Automatic;
				DEVELOPMENT_TEAM = 56HKER56MM;
				INFOPLIST_FILE = CountersTests/Info.plist;
				IPHONEOS_DEPLOYMENT_TARGET = 14.3;
				LD_RUNPATH_SEARCH_PATHS = (
					"$(inherited)",
					"@executable_path/Frameworks",
					"@loader_path/Frameworks",
				);
				PRODUCT_BUNDLE_IDENTIFIER = com.teamMobile.CountersTests;
				PRODUCT_NAME = "$(TARGET_NAME)";
				SWIFT_VERSION = 5.0;
				TARGETED_DEVICE_FAMILY = "1,2";
				TEST_HOST = "$(BUILT_PRODUCTS_DIR)/Counters.app/Counters";
			};
			name = Debug;
		};
		E9E6ECFB259B7EE8001B1FFF /* Release */ = {
			isa = XCBuildConfiguration;
			baseConfigurationReference = 47B430F3AAA7DC58C6954636 /* Pods-CountersTests.release.xcconfig */;
			buildSettings = {
				ALWAYS_EMBED_SWIFT_STANDARD_LIBRARIES = YES;
				BUNDLE_LOADER = "$(TEST_HOST)";
				CODE_SIGN_STYLE = Automatic;
				DEVELOPMENT_TEAM = 56HKER56MM;
				INFOPLIST_FILE = CountersTests/Info.plist;
				IPHONEOS_DEPLOYMENT_TARGET = 14.3;
				LD_RUNPATH_SEARCH_PATHS = (
					"$(inherited)",
					"@executable_path/Frameworks",
					"@loader_path/Frameworks",
				);
				PRODUCT_BUNDLE_IDENTIFIER = com.teamMobile.CountersTests;
				PRODUCT_NAME = "$(TARGET_NAME)";
				SWIFT_VERSION = 5.0;
				TARGETED_DEVICE_FAMILY = "1,2";
				TEST_HOST = "$(BUILT_PRODUCTS_DIR)/Counters.app/Counters";
			};
			name = Release;
		};
		E9E6ECFD259B7EE8001B1FFF /* Debug */ = {
			isa = XCBuildConfiguration;
			baseConfigurationReference = E5449C884E95A781D4B16FB7 /* Pods-Counters-CountersUITests.debug.xcconfig */;
			buildSettings = {
				ALWAYS_EMBED_SWIFT_STANDARD_LIBRARIES = YES;
				CODE_SIGN_STYLE = Automatic;
				DEVELOPMENT_TEAM = 56HKER56MM;
				INFOPLIST_FILE = CountersUITests/Info.plist;
				LD_RUNPATH_SEARCH_PATHS = (
					"$(inherited)",
					"@executable_path/Frameworks",
					"@loader_path/Frameworks",
				);
				PRODUCT_BUNDLE_IDENTIFIER = com.teamMobile.CountersUITests;
				PRODUCT_NAME = "$(TARGET_NAME)";
				SWIFT_VERSION = 5.0;
				TARGETED_DEVICE_FAMILY = "1,2";
				TEST_TARGET_NAME = Counters;
			};
			name = Debug;
		};
		E9E6ECFE259B7EE8001B1FFF /* Release */ = {
			isa = XCBuildConfiguration;
			baseConfigurationReference = 1A26B778427575D5A7FF5486 /* Pods-Counters-CountersUITests.release.xcconfig */;
			buildSettings = {
				ALWAYS_EMBED_SWIFT_STANDARD_LIBRARIES = YES;
				CODE_SIGN_STYLE = Automatic;
				DEVELOPMENT_TEAM = 56HKER56MM;
				INFOPLIST_FILE = CountersUITests/Info.plist;
				LD_RUNPATH_SEARCH_PATHS = (
					"$(inherited)",
					"@executable_path/Frameworks",
					"@loader_path/Frameworks",
				);
				PRODUCT_BUNDLE_IDENTIFIER = com.teamMobile.CountersUITests;
				PRODUCT_NAME = "$(TARGET_NAME)";
				SWIFT_VERSION = 5.0;
				TARGETED_DEVICE_FAMILY = "1,2";
				TEST_TARGET_NAME = Counters;
			};
			name = Release;
		};
/* End XCBuildConfiguration section */

/* Begin XCConfigurationList section */
		E9E6ECC4259B7EDE001B1FFF /* Build configuration list for PBXProject "Counters" */ = {
			isa = XCConfigurationList;
			buildConfigurations = (
				E9E6ECF4259B7EE8001B1FFF /* Debug */,
				E9E6ECF5259B7EE8001B1FFF /* Release */,
			);
			defaultConfigurationIsVisible = 0;
			defaultConfigurationName = Release;
		};
		E9E6ECF6259B7EE8001B1FFF /* Build configuration list for PBXNativeTarget "Counters" */ = {
			isa = XCConfigurationList;
			buildConfigurations = (
				E9E6ECF7259B7EE8001B1FFF /* Debug */,
				E9E6ECF8259B7EE8001B1FFF /* Release */,
			);
			defaultConfigurationIsVisible = 0;
			defaultConfigurationName = Release;
		};
		E9E6ECF9259B7EE8001B1FFF /* Build configuration list for PBXNativeTarget "CountersTests" */ = {
			isa = XCConfigurationList;
			buildConfigurations = (
				E9E6ECFA259B7EE8001B1FFF /* Debug */,
				E9E6ECFB259B7EE8001B1FFF /* Release */,
			);
			defaultConfigurationIsVisible = 0;
			defaultConfigurationName = Release;
		};
		E9E6ECFC259B7EE8001B1FFF /* Build configuration list for PBXNativeTarget "CountersUITests" */ = {
			isa = XCConfigurationList;
			buildConfigurations = (
				E9E6ECFD259B7EE8001B1FFF /* Debug */,
				E9E6ECFE259B7EE8001B1FFF /* Release */,
			);
			defaultConfigurationIsVisible = 0;
			defaultConfigurationName = Release;
		};
/* End XCConfigurationList section */

/* Begin XCVersionGroup section */
		E9E6ECD5259B7EDF001B1FFF /* Counters.xcdatamodeld */ = {
			isa = XCVersionGroup;
			children = (
				E9E6ECD6259B7EDF001B1FFF /* Counters.xcdatamodel */,
			);
			currentVersion = E9E6ECD6259B7EDF001B1FFF /* Counters.xcdatamodel */;
			path = Counters.xcdatamodeld;
			sourceTree = "<group>";
			versionGroupType = wrapper.xcdatamodel;
		};
/* End XCVersionGroup section */
	};
	rootObject = E9E6ECC1259B7EDE001B1FFF /* Project object */;
}
